
Microsoft Visual Studio Solution File, Format Version 12.00
# Visual Studio 14
VisualStudioVersion = 14.0.25123.0
MinimumVisualStudioVersion = 10.0.40219.1
Project("{FAE04EC0-301F-11D3-BF4B-00C04F79EFBC}") = "Symo.Library.Monitoring", "Symo.Library.Monitoring\Symo.Library.Monitoring.csproj", "{1006286D-B2A4-4370-B691-97B7D147AD80}"
EndProject
Project("{FAE04EC0-301F-11D3-BF4B-00C04F79EFBC}") = "Symo", "Symo\Symo.csproj", "{F5F586DA-1F41-4BF0-A932-305FF131CCA0}"
EndProject
Project("{FAE04EC0-301F-11D3-BF4B-00C04F79EFBC}") = "Symo.Module.PingMonitor", "Symo.Module.PingMonitor\Symo.Module.PingMonitor.csproj", "{AC2FEB43-AF01-4D5D-9718-22E5B292ADA9}"
EndProject
Project("{FAE04EC0-301F-11D3-BF4B-00C04F79EFBC}") = "Symo.Library.Extensibility", "Symo.Library.Extensibility\Symo.Library.Extensibility.csproj", "{C22935DB-0819-4A1C-B641-376E3F4E64B9}"
EndProject
Project("{FAE04EC0-301F-11D3-BF4B-00C04F79EFBC}") = "Symo.Library.Modules", "Symo.Library.Modules\Symo.Library.Modules.csproj", "{0C11BD20-030C-4883-BC0A-6194B075DB80}"
EndProject
Project("{FAE04EC0-301F-11D3-BF4B-00C04F79EFBC}") = "Symo.Module.HttpMonitor", "Symo.Module.HttpMonitor\Symo.Module.HttpMonitor.csproj", "{63DF2BDC-E84E-4BE2-8FD8-67ED7F1ED9E1}"
EndProject
Project("{2150E333-8FDC-42A3-9474-1A3956D46DE8}") = "Modules", "Modules", "{E1AF986D-F65F-4310-BD3E-A9159F49522D}"
EndProject
Project("{2150E333-8FDC-42A3-9474-1A3956D46DE8}") = "Application", "Application", "{1E0C97D9-E26C-4435-AE95-73325F07118B}"
EndProject
Global
	GlobalSection(SolutionConfigurationPlatforms) = preSolution
		Debug|Any CPU = Debug|Any CPU
		Release|Any CPU = Release|Any CPU
	EndGlobalSection
	GlobalSection(ProjectConfigurationPlatforms) = postSolution
		{1006286D-B2A4-4370-B691-97B7D147AD80}.Debug|Any CPU.ActiveCfg = Debug|Any CPU
		{1006286D-B2A4-4370-B691-97B7D147AD80}.Debug|Any CPU.Build.0 = Debug|Any CPU
		{1006286D-B2A4-4370-B691-97B7D147AD80}.Release|Any CPU.ActiveCfg = Release|Any CPU
		{1006286D-B2A4-4370-B691-97B7D147AD80}.Release|Any CPU.Build.0 = Release|Any CPU
		{F5F586DA-1F41-4BF0-A932-305FF131CCA0}.Debug|Any CPU.ActiveCfg = Debug|Any CPU
		{F5F586DA-1F41-4BF0-A932-305FF131CCA0}.Debug|Any CPU.Build.0 = Debug|Any CPU
		{F5F586DA-1F41-4BF0-A932-305FF131CCA0}.Release|Any CPU.ActiveCfg = Release|Any CPU
		{F5F586DA-1F41-4BF0-A932-305FF131CCA0}.Release|Any CPU.Build.0 = Release|Any CPU
		{AC2FEB43-AF01-4D5D-9718-22E5B292ADA9}.Debug|Any CPU.ActiveCfg = Debug|Any CPU
		{AC2FEB43-AF01-4D5D-9718-22E5B292ADA9}.Debug|Any CPU.Build.0 = Debug|Any CPU
		{AC2FEB43-AF01-4D5D-9718-22E5B292ADA9}.Release|Any CPU.ActiveCfg = Release|Any CPU
		{AC2FEB43-AF01-4D5D-9718-22E5B292ADA9}.Release|Any CPU.Build.0 = Release|Any CPU
		{C22935DB-0819-4A1C-B641-376E3F4E64B9}.Debug|Any CPU.ActiveCfg = Debug|Any CPU
		{C22935DB-0819-4A1C-B641-376E3F4E64B9}.Debug|Any CPU.Build.0 = Debug|Any CPU
		{C22935DB-0819-4A1C-B641-376E3F4E64B9}.Release|Any CPU.ActiveCfg = Release|Any CPU
		{C22935DB-0819-4A1C-B641-376E3F4E64B9}.Release|Any CPU.Build.0 = Release|Any CPU
		{0C11BD20-030C-4883-BC0A-6194B075DB80}.Debug|Any CPU.ActiveCfg = Debug|Any CPU
		{0C11BD20-030C-4883-BC0A-6194B075DB80}.Debug|Any CPU.Build.0 = Debug|Any CPU
		{0C11BD20-030C-4883-BC0A-6194B075DB80}.Release|Any CPU.ActiveCfg = Release|Any CPU
		{0C11BD20-030C-4883-BC0A-6194B075DB80}.Release|Any CPU.Build.0 = Release|Any CPU
		{63DF2BDC-E84E-4BE2-8FD8-67ED7F1ED9E1}.Debug|Any CPU.ActiveCfg = Debug|Any CPU
		{63DF2BDC-E84E-4BE2-8FD8-67ED7F1ED9E1}.Debug|Any CPU.Build.0 = Debug|Any CPU
		{63DF2BDC-E84E-4BE2-8FD8-67ED7F1ED9E1}.Release|Any CPU.ActiveCfg = Release|Any CPU
		{63DF2BDC-E84E-4BE2-8FD8-67ED7F1ED9E1}.Release|Any CPU.Build.0 = Release|Any CPU
	EndGlobalSection
	GlobalSection(SolutionProperties) = preSolution
		HideSolutionNode = FALSE
	EndGlobalSection
	GlobalSection(NestedProjects) = preSolution
		{1006286D-B2A4-4370-B691-97B7D147AD80} = {1E0C97D9-E26C-4435-AE95-73325F07118B}
		{F5F586DA-1F41-4BF0-A932-305FF131CCA0} = {1E0C97D9-E26C-4435-AE95-73325F07118B}
		{AC2FEB43-AF01-4D5D-9718-22E5B292ADA9} = {E1AF986D-F65F-4310-BD3E-A9159F49522D}
		{C22935DB-0819-4A1C-B641-376E3F4E64B9} = {1E0C97D9-E26C-4435-AE95-73325F07118B}
		{0C11BD20-030C-4883-BC0A-6194B075DB80} = {1E0C97D9-E26C-4435-AE95-73325F07118B}
		{63DF2BDC-E84E-4BE2-8FD8-67ED7F1ED9E1} = {E1AF986D-F65F-4310-BD3E-A9159F49522D}
	EndGlobalSection
EndGlobal
